
Microsoft Visual Studio Solution File, Format Version 12.00
Project("{FAE04EC0-301F-11D3-BF4B-00C04F79EFBC}") = "Dotnet2.2AspnetSimple", "Dotnet2.2AspnetSimple\Dotnet2.2AspnetSimple.csproj", "{E12619E0-702A-4362-ABD9-9D26AE5CE6FC}"
EndProject
Global
	GlobalSection(SolutionConfigurationPlatforms) = preSolution
		Debug|Any CPU = Debug|Any CPU
		Release|Any CPU = Release|Any CPU
	EndGlobalSection
	GlobalSection(ProjectConfigurationPlatforms) = postSolution
		{E12619E0-702A-4362-ABD9-9D26AE5CE6FC}.Debug|Any CPU.ActiveCfg = Debug|Any CPU
		{E12619E0-702A-4362-ABD9-9D26AE5CE6FC}.Debug|Any CPU.Build.0 = Debug|Any CPU
		{E12619E0-702A-4362-ABD9-9D26AE5CE6FC}.Release|Any CPU.ActiveCfg = Release|Any CPU
		{E12619E0-702A-4362-ABD9-9D26AE5CE6FC}.Release|Any CPU.Build.0 = Release|Any CPU
	EndGlobalSection
EndGlobal
